
Microsoft Visual Studio Solution File, Format Version 12.00
# Visual Studio Version 17
VisualStudioVersion = 17.0.31903.59
MinimumVisualStudioVersion = 10.0.40219.1
Project("{2150E333-8FDC-42A3-9474-1A3956D46DE8}") = "src", "src", "{5E5A578F-83C0-4FEC-A42E-F02D005F8AD9}"
EndProject
Project("{FAE04EC0-301F-11D3-BF4B-00C04F79EFBC}") = "AlgoPractice", "src\AlgoPractice\AlgoPractice.csproj", "{C7108CEF-178E-4C04-AC89-A1C192331736}"
EndProject
Project("{2150E333-8FDC-42A3-9474-1A3956D46DE8}") = "tests", "tests", "{1A58D419-6C62-4E8C-94DC-93A4CA37FE5E}"
EndProject
Project("{FAE04EC0-301F-11D3-BF4B-00C04F79EFBC}") = "AlgoPracticeTest", "tests\AlgoPracticeTest\AlgoPracticeTest.csproj", "{1EF26B89-D9AB-4D99-9230-D9D98EB4A923}"
EndProject
Global
	GlobalSection(SolutionConfigurationPlatforms) = preSolution
		Debug|Any CPU = Debug|Any CPU
		Release|Any CPU = Release|Any CPU
	EndGlobalSection
	GlobalSection(SolutionProperties) = preSolution
		HideSolutionNode = FALSE
	EndGlobalSection
	GlobalSection(ProjectConfigurationPlatforms) = postSolution
		{C7108CEF-178E-4C04-AC89-A1C192331736}.Debug|Any CPU.ActiveCfg = Debug|Any CPU
		{C7108CEF-178E-4C04-AC89-A1C192331736}.Debug|Any CPU.Build.0 = Debug|Any CPU
		{C7108CEF-178E-4C04-AC89-A1C192331736}.Release|Any CPU.ActiveCfg = Release|Any CPU
		{C7108CEF-178E-4C04-AC89-A1C192331736}.Release|Any CPU.Build.0 = Release|Any CPU
		{1EF26B89-D9AB-4D99-9230-D9D98EB4A923}.Debug|Any CPU.ActiveCfg = Debug|Any CPU
		{1EF26B89-D9AB-4D99-9230-D9D98EB4A923}.Debug|Any CPU.Build.0 = Debug|Any CPU
		{1EF26B89-D9AB-4D99-9230-D9D98EB4A923}.Release|Any CPU.ActiveCfg = Release|Any CPU
		{1EF26B89-D9AB-4D99-9230-D9D98EB4A923}.Release|Any CPU.Build.0 = Release|Any CPU
	EndGlobalSection
	GlobalSection(NestedProjects) = preSolution
		{C7108CEF-178E-4C04-AC89-A1C192331736} = {5E5A578F-83C0-4FEC-A42E-F02D005F8AD9}
		{1EF26B89-D9AB-4D99-9230-D9D98EB4A923} = {1A58D419-6C62-4E8C-94DC-93A4CA37FE5E}
	EndGlobalSection
EndGlobal
